
Microsoft Visual Studio Solution File, Format Version 12.00
# Visual Studio Version 17
VisualStudioVersion = 17.3.32819.101
MinimumVisualStudioVersion = 10.0.40219.1
Project("{FAE04EC0-301F-11D3-BF4B-00C04F79EFBC}") = "WpfAppCalc", "WpfAppCalc.csproj", "{4D76B417-7379-4DFB-ABC5-FD4D4A1C1D07}"
EndProject
Global
	GlobalSection(SolutionConfigurationPlatforms) = preSolution
		Debug|Any CPU = Debug|Any CPU
		Release|Any CPU = Release|Any CPU
	EndGlobalSection
	GlobalSection(ProjectConfigurationPlatforms) = postSolution
		{4D76B417-7379-4DFB-ABC5-FD4D4A1C1D07}.Debug|Any CPU.ActiveCfg = Debug|Any CPU
		{4D76B417-7379-4DFB-ABC5-FD4D4A1C1D07}.Debug|Any CPU.Build.0 = Debug|Any CPU
		{4D76B417-7379-4DFB-ABC5-FD4D4A1C1D07}.Release|Any CPU.ActiveCfg = Release|Any CPU
		{4D76B417-7379-4DFB-ABC5-FD4D4A1C1D07}.Release|Any CPU.Build.0 = Release|Any CPU
	EndGlobalSection
	GlobalSection(SolutionProperties) = preSolution
		HideSolutionNode = FALSE
	EndGlobalSection
	GlobalSection(ExtensibilityGlobals) = postSolution
		SolutionGuid = {7AD00202-B044-4708-B304-A832C1CDC7DF}
	EndGlobalSection
EndGlobal
